// !$*UTF8*$!
{
	archiveVersion = 1;
	classes = {
	};
	objectVersion = 46;
	objects = {

/* Begin PBXBuildFile section */
		7AECD3D31B930021003DAE6C /* main.c in Sources */ = {isa = PBXBuildFile; fileRef = 7AECD3D21B930021003DAE6C /* main.c */; };
		7AF735501BB6DD8400595AA5 /* delta.c in Sources */ = {isa = PBXBuildFile; fileRef = 7AF7354E1BB6DD8400595AA5 /* delta.c */; settings = {ASSET_TAGS = (); }; };
		7AF735531BB6DDB900595AA5 /* parc.c in Sources */ = {isa = PBXBuildFile; fileRef = 7AF735511BB6DDB900595AA5 /* parc.c */; settings = {ASSET_TAGS = (); }; };
		7AF735561BB6DDD000595AA5 /* annee_bissextile.c in Sources */ = {isa = PBXBuildFile; fileRef = 7AF735541BB6DDD000595AA5 /* annee_bissextile.c */; settings = {ASSET_TAGS = (); }; };
		7AF735591BB6DDF400595AA5 /* nombre_positif_negatif.c in Sources */ = {isa = PBXBuildFile; fileRef = 7AF735571BB6DDF400595AA5 /* nombre_positif_negatif.c */; settings = {ASSET_TAGS = (); }; };
		7AF7355C1BB6DE0600595AA5 /* nombre_plus_grand.c in Sources */ = {isa = PBXBuildFile; fileRef = 7AF7355A1BB6DE0600595AA5 /* nombre_plus_grand.c */; settings = {ASSET_TAGS = (); }; };
		7AF7355F1BB6DFFD00595AA5 /* banque.c in Sources */ = {isa = PBXBuildFile; fileRef = 7AF7355D1BB6DFFD00595AA5 /* banque.c */; settings = {ASSET_TAGS = (); }; };
/* End PBXBuildFile section */

/* Begin PBXCopyFilesBuildPhase section */
		7AECD3CD1B930021003DAE6C /* CopyFiles */ = {
			isa = PBXCopyFilesBuildPhase;
			buildActionMask = 2147483647;
			dstPath = /usr/share/man/man1/;
			dstSubfolderSpec = 0;
			files = (
			);
			runOnlyForDeploymentPostprocessing = 1;
		};
/* End PBXCopyFilesBuildPhase section */

/* Begin PBXFileReference section */
		7AECD3CF1B930021003DAE6C /* main2.c */ = {isa = PBXFileReference; explicitFileType = "compiled.mach-o.executable"; includeInIndex = 0; path = main2.c; sourceTree = BUILT_PRODUCTS_DIR; };
		7AECD3D21B930021003DAE6C /* main.c */ = {isa = PBXFileReference; lastKnownFileType = sourcecode.c.c; path = main.c; sourceTree = "<group>"; };
		7AF7354E1BB6DD8400595AA5 /* delta.c */ = {isa = PBXFileReference; fileEncoding = 4; lastKnownFileType = sourcecode.c.c; path = delta.c; sourceTree = SOURCE_ROOT; };
		7AF7354F1BB6DD8400595AA5 /* delta.h */ = {isa = PBXFileReference; fileEncoding = 4; lastKnownFileType = sourcecode.c.h; path = delta.h; sourceTree = SOURCE_ROOT; };
		7AF735511BB6DDB900595AA5 /* parc.c */ = {isa = PBXFileReference; fileEncoding = 4; lastKnownFileType = sourcecode.c.c; path = parc.c; sourceTree = SOURCE_ROOT; };
		7AF735521BB6DDB900595AA5 /* parc.h */ = {isa = PBXFileReference; fileEncoding = 4; lastKnownFileType = sourcecode.c.h; path = parc.h; sourceTree = SOURCE_ROOT; };
		7AF735541BB6DDD000595AA5 /* annee_bissextile.c */ = {isa = PBXFileReference; fileEncoding = 4; lastKnownFileType = sourcecode.c.c; path = annee_bissextile.c; sourceTree = SOURCE_ROOT; };
		7AF735551BB6DDD000595AA5 /* annee_bissextile.h */ = {isa = PBXFileReference; fileEncoding = 4; lastKnownFileType = sourcecode.c.h; path = annee_bissextile.h; sourceTree = SOURCE_ROOT; };
		7AF735571BB6DDF400595AA5 /* nombre_positif_negatif.c */ = {isa = PBXFileReference; fileEncoding = 4; lastKnownFileType = sourcecode.c.c; path = nombre_positif_negatif.c; sourceTree = SOURCE_ROOT; };
		7AF735581BB6DDF400595AA5 /* nombre_positif_negatif.h */ = {isa = PBXFileReference; fileEncoding = 4; lastKnownFileType = sourcecode.c.h; path = nombre_positif_negatif.h; sourceTree = SOURCE_ROOT; };
		7AF7355A1BB6DE0600595AA5 /* nombre_plus_grand.c */ = {isa = PBXFileReference; fileEncoding = 4; lastKnownFileType = sourcecode.c.c; path = nombre_plus_grand.c; sourceTree = SOURCE_ROOT; };
		7AF7355B1BB6DE0600595AA5 /* nombre_plus_grand.h */ = {isa = PBXFileReference; fileEncoding = 4; lastKnownFileType = sourcecode.c.h; path = nombre_plus_grand.h; sourceTree = SOURCE_ROOT; };
		7AF7355D1BB6DFFD00595AA5 /* banque.c */ = {isa = PBXFileReference; fileEncoding = 4; lastKnownFileType = sourcecode.c.c; path = banque.c; sourceTree = SOURCE_ROOT; };
		7AF7355E1BB6DFFD00595AA5 /* banque.h */ = {isa = PBXFileReference; fileEncoding = 4; lastKnownFileType = sourcecode.c.h; path = banque.h; sourceTree = SOURCE_ROOT; };
/* End PBXFileReference section */

/* Begin PBXFrameworksBuildPhase section */
		7AECD3CC1B930021003DAE6C /* Frameworks */ = {
			isa = PBXFrameworksBuildPhase;
			buildActionMask = 2147483647;
			files = (
			);
			runOnlyForDeploymentPostprocessing = 0;
		};
/* End PBXFrameworksBuildPhase section */

/* Begin PBXGroup section */
		7AECD3C61B930021003DAE6C = {
			isa = PBXGroup;
			children = (
				7AECD3D11B930021003DAE6C /* main2.c */,
				7AECD3D01B930021003DAE6C /* Products */,
			);
			sourceTree = "<group>";
		};
		7AECD3D01B930021003DAE6C /* Products */ = {
			isa = PBXGroup;
			children = (
				7AECD3CF1B930021003DAE6C /* main2.c */,
			);
			name = Products;
			sourceTree = "<group>";
		};
		7AECD3D11B930021003DAE6C /* main2.c */ = {
			isa = PBXGroup;
			children = (
				7AECD3D21B930021003DAE6C /* main.c */,
				7AF7354E1BB6DD8400595AA5 /* delta.c */,
				7AF7354F1BB6DD8400595AA5 /* delta.h */,
				7AF735511BB6DDB900595AA5 /* parc.c */,
				7AF735521BB6DDB900595AA5 /* parc.h */,
				7AF735541BB6DDD000595AA5 /* annee_bissextile.c */,
				7AF735551BB6DDD000595AA5 /* annee_bissextile.h */,
				7AF735571BB6DDF400595AA5 /* nombre_positif_negatif.c */,
				7AF735581BB6DDF400595AA5 /* nombre_positif_negatif.h */,
				7AF7355A1BB6DE0600595AA5 /* nombre_plus_grand.c */,
				7AF7355B1BB6DE0600595AA5 /* nombre_plus_grand.h */,
				7AF7355D1BB6DFFD00595AA5 /* banque.c */,
				7AF7355E1BB6DFFD00595AA5 /* banque.h */,
			);
			path = main2.c;
			sourceTree = "<group>";
		};
/* End PBXGroup section */

/* Begin PBXNativeTarget section */
		7AECD3CE1B930021003DAE6C /* main2.c */ = {
			isa = PBXNativeTarget;
			buildConfigurationList = 7AECD3D61B930021003DAE6C /* Build configuration list for PBXNativeTarget "main2.c" */;
			buildPhases = (
				7AECD3CB1B930021003DAE6C /* Sources */,
				7AECD3CC1B930021003DAE6C /* Frameworks */,
				7AECD3CD1B930021003DAE6C /* CopyFiles */,
			);
			buildRules = (
			);
			dependencies = (
			);
			name = main2.c;
			productName = main2.c;
			productReference = 7AECD3CF1B930021003DAE6C /* main2.c */;
			productType = "com.apple.product-type.tool";
		};
/* End PBXNativeTarget section */

/* Begin PBXProject section */
		7AECD3C71B930021003DAE6C /* Project object */ = {
			isa = PBXProject;
			attributes = {
				LastUpgradeCheck = 0700;
				ORGANIZATIONNAME = "Adrien Boiseau";
				TargetAttributes = {
					7AECD3CE1B930021003DAE6C = {
						CreatedOnToolsVersion = 6.4;
					};
				};
			};
			buildConfigurationList = 7AECD3CA1B930021003DAE6C /* Build configuration list for PBXProject "main2.c" */;
			compatibilityVersion = "Xcode 3.2";
			developmentRegion = English;
			hasScannedForEncodings = 0;
			knownRegions = (
				en,
			);
			mainGroup = 7AECD3C61B930021003DAE6C;
			productRefGroup = 7AECD3D01B930021003DAE6C /* Products */;
			projectDirPath = "";
			projectRoot = "";
			targets = (
				7AECD3CE1B930021003DAE6C /* main2.c */,
			);
		};
/* End PBXProject section */

/* Begin PBXSourcesBuildPhase section */
		7AECD3CB1B930021003DAE6C /* Sources */ = {
			isa = PBXSourcesBuildPhase;
			buildActionMask = 2147483647;
			files = (
				7AF735501BB6DD8400595AA5 /* delta.c in Sources */,
				7AF735561BB6DDD000595AA5 /* annee_bissextile.c in Sources */,
				7AF735531BB6DDB900595AA5 /* parc.c in Sources */,
				7AF7355C1BB6DE0600595AA5 /* nombre_plus_grand.c in Sources */,
				7AF735591BB6DDF400595AA5 /* nombre_positif_negatif.c in Sources */,
				7AECD3D31B930021003DAE6C /* main.c in Sources */,
				7AF7355F1BB6DFFD00595AA5 /* banque.c in Sources */,
			);
			runOnlyForDeploymentPostprocessing = 0;
		};
/* End PBXSourcesBuildPhase section */

/* Begin XCBuildConfiguration section */
		7AECD3D41B930021003DAE6C /* Debug */ = {
			isa = XCBuildConfiguration;
			buildSettings = {
				ALWAYS_SEARCH_USER_PATHS = NO;
				CLANG_CXX_LANGUAGE_STANDARD = "gnu++0x";
				CLANG_CXX_LIBRARY = "libc++";
				CLANG_ENABLE_MODULES = YES;
				CLANG_ENABLE_OBJC_ARC = YES;
				CLANG_WARN_BOOL_CONVERSION = YES;
				CLANG_WARN_CONSTANT_CONVERSION = YES;
				CLANG_WARN_DIRECT_OBJC_ISA_USAGE = YES_ERROR;
				CLANG_WARN_EMPTY_BODY = YES;
				CLANG_WARN_ENUM_CONVERSION = YES;
				CLANG_WARN_INT_CONVERSION = YES;
				CLANG_WARN_OBJC_ROOT_CLASS = YES_ERROR;
				CLANG_WARN_UNREACHABLE_CODE = YES;
				CLANG_WARN__DUPLICATE_METHOD_MATCH = YES;
				COPY_PHASE_STRIP = NO;
				DEBUG_INFORMATION_FORMAT = dwarf;
				ENABLE_STRICT_OBJC_MSGSEND = YES;
				ENABLE_TESTABILITY = YES;
				GCC_C_LANGUAGE_STANDARD = gnu99;
				GCC_DYNAMIC_NO_PIC = NO;
				GCC_NO_COMMON_BLOCKS = YES;
				GCC_OPTIMIZATION_LEVEL = 0;
				GCC_PREPROCESSOR_DEFINITIONS = (
					"DEBUG=1",
					"$(inherited)",
				);
				GCC_SYMBOLS_PRIVATE_EXTERN = NO;
				GCC_WARN_64_TO_32_BIT_CONVERSION = YES;
				GCC_WARN_ABOUT_RETURN_TYPE = YES_ERROR;
				GCC_WARN_UNDECLARED_SELECTOR = YES;
				GCC_WARN_UNINITIALIZED_AUTOS = YES_AGGRESSIVE;
				GCC_WARN_UNUSED_FUNCTION = YES;
				GCC_WARN_UNUSED_VARIABLE = YES;
				MACOSX_DEPLOYMENT_TARGET = 10.10;
				MTL_ENABLE_DEBUG_INFO = YES;
				ONLY_ACTIVE_ARCH = YES;
				SDKROOT = macosx;
			};
			name = Debug;
		};
		7AECD3D51B930021003DAE6C /* Release */ = {
			isa = XCBuildConfiguration;
			buildSettings = {
				ALWAYS_SEARCH_USER_PATHS = NO;
				CLANG_CXX_LANGUAGE_STANDARD = "gnu++0x";
				CLANG_CXX_LIBRARY = "libc++";
				CLANG_ENABLE_MODULES = YES;
				CLANG_ENABLE_OBJC_ARC = YES;
				CLANG_WARN_BOOL_CONVERSION = YES;
				CLANG_WARN_CONSTANT_CONVERSION = YES;
				CLANG_WARN_DIRECT_OBJC_ISA_USAGE = YES_ERROR;
				CLANG_WARN_EMPTY_BODY = YES;
				CLANG_WARN_ENUM_CONVERSION = YES;
				CLANG_WARN_INT_CONVERSION = YES;
				CLANG_WARN_OBJC_ROOT_CLASS = YES_ERROR;
				CLANG_WARN_UNREACHABLE_CODE = YES;
				CLANG_WARN__DUPLICATE_METHOD_MATCH = YES;
				COPY_PHASE_STRIP = NO;
				DEBUG_INFORMATION_FORMAT = "dwarf-with-dsym";
				ENABLE_NS_ASSERTIONS = NO;
				ENABLE_STRICT_OBJC_MSGSEND = YES;
				GCC_C_LANGUAGE_STANDARD = gnu99;
				GCC_NO_COMMON_BLOCKS = YES;
				GCC_WARN_64_TO_32_BIT_CONVERSION = YES;
				GCC_WARN_ABOUT_RETURN_TYPE = YES_ERROR;
				GCC_WARN_UNDECLARED_SELECTOR = YES;
				GCC_WARN_UNINITIALIZED_AUTOS = YES_AGGRESSIVE;
				GCC_WARN_UNUSED_FUNCTION = YES;
				GCC_WARN_UNUSED_VARIABLE = YES;
				MACOSX_DEPLOYMENT_TARGET = 10.10;
				MTL_ENABLE_DEBUG_INFO = NO;
				SDKROOT = macosx;
			};
			name = Release;
		};
		7AECD3D71B930021003DAE6C /* Debug */ = {
			isa = XCBuildConfiguration;
			buildSettings = {
				PRODUCT_NAME = "$(TARGET_NAME)";
			};
			name = Debug;
		};
		7AECD3D81B930021003DAE6C /* Release */ = {
			isa = XCBuildConfiguration;
			buildSettings = {
				PRODUCT_NAME = "$(TARGET_NAME)";
			};
			name = Release;
		};
/* End XCBuildConfiguration section */

/* Begin XCConfigurationList section */
		7AECD3CA1B930021003DAE6C /* Build configuration list for PBXProject "main2.c" */ = {
			isa = XCConfigurationList;
			buildConfigurations = (
				7AECD3D41B930021003DAE6C /* Debug */,
				7AECD3D51B930021003DAE6C /* Release */,
			);
			defaultConfigurationIsVisible = 0;
			defaultConfigurationName = Release;
		};
		7AECD3D61B930021003DAE6C /* Build configuration list for PBXNativeTarget "main2.c" */ = {
			isa = XCConfigurationList;
			buildConfigurations = (
				7AECD3D71B930021003DAE6C /* Debug */,
				7AECD3D81B930021003DAE6C /* Release */,
			);
			defaultConfigurationIsVisible = 0;
			defaultConfigurationName = Release;
		};
/* End XCConfigurationList section */
	};
	rootObject = 7AECD3C71B930021003DAE6C /* Project object */;
}
